
Microsoft Visual Studio Solution File, Format Version 12.00
# Visual Studio 15
VisualStudioVersion = 15.0.28307.757
MinimumVisualStudioVersion = 10.0.40219.1
Project("{FAE04EC0-301F-11D3-BF4B-00C04F79EFBC}") = "LinqDemo", "LinqDemo\LinqDemo.csproj", "{6712ED3C-052F-40B5-8A1D-ED5DB6D6232F}"
EndProject
Global
	GlobalSection(SolutionConfigurationPlatforms) = preSolution
		Debug|Any CPU = Debug|Any CPU
		Release|Any CPU = Release|Any CPU
	EndGlobalSection
	GlobalSection(ProjectConfigurationPlatforms) = postSolution
		{6712ED3C-052F-40B5-8A1D-ED5DB6D6232F}.Debug|Any CPU.ActiveCfg = Debug|Any CPU
		{6712ED3C-052F-40B5-8A1D-ED5DB6D6232F}.Debug|Any CPU.Build.0 = Debug|Any CPU
		{6712ED3C-052F-40B5-8A1D-ED5DB6D6232F}.Release|Any CPU.ActiveCfg = Release|Any CPU
		{6712ED3C-052F-40B5-8A1D-ED5DB6D6232F}.Release|Any CPU.Build.0 = Release|Any CPU
	EndGlobalSection
	GlobalSection(SolutionProperties) = preSolution
		HideSolutionNode = FALSE
	EndGlobalSection
	GlobalSection(ExtensibilityGlobals) = postSolution
		SolutionGuid = {7A37D001-E096-48AB-9158-6A61A5DA6B1D}
	EndGlobalSection
EndGlobal
